Microsoft Visual Studio Solution File, Format Version 11.00
# Visual Studio 2008

Project("{EEE43CD4-FC5C-B399-3D99-12B6F530847C}") = "Código_Fonte", "Assembly-CSharp.csproj", "{3819879C-4E2D-0431-8444-69D21426CD90}"
EndProject
Global
	GlobalSection(SolutionConfigurationPlatforms) = preSolution
		Debug|Any CPU = Debug|Any CPU
		Release|Any CPU = Release|Any CPU
	EndGlobalSection
	GlobalSection(ProjectConfigurationPlatforms) = postSolution
		{3819879C-4E2D-0431-8444-69D21426CD90}.Debug|Any CPU.ActiveCfg = Debug|Any CPU
		{3819879C-4E2D-0431-8444-69D21426CD90}.Debug|Any CPU.Build.0 = Debug|Any CPU
		{3819879C-4E2D-0431-8444-69D21426CD90}.Release|Any CPU.ActiveCfg = Release|Any CPU
		{3819879C-4E2D-0431-8444-69D21426CD90}.Release|Any CPU.Build.0 = Release|Any CPU
	EndGlobalSection
	GlobalSection(SolutionProperties) = preSolution
		HideSolutionNode = FALSE
	EndGlobalSection
	GlobalSection(MonoDevelopProperties) = preSolution
		StartupItem = Assembly-CSharp.csproj
	EndGlobalSection
EndGlobal
